
Microsoft Visual Studio Solution File, Format Version 12.00
# Visual Studio Version 16
VisualStudioVersion = 16.0.30523.141
MinimumVisualStudioVersion = 10.0.40219.1
Project("{9A19103F-16F7-4668-BE54-9A1E7A4F7556}") = "SoftUniParking", "SoftUniParking.csproj", "{96141B5D-696A-4914-8CF6-2D586165E52D}"
EndProject
Global
	GlobalSection(SolutionConfigurationPlatforms) = preSolution
		Debug|Any CPU = Debug|Any CPU
		Release|Any CPU = Release|Any CPU
	EndGlobalSection
	GlobalSection(ProjectConfigurationPlatforms) = postSolution
		{96141B5D-696A-4914-8CF6-2D586165E52D}.Debug|Any CPU.ActiveCfg = Debug|Any CPU
		{96141B5D-696A-4914-8CF6-2D586165E52D}.Debug|Any CPU.Build.0 = Debug|Any CPU
		{96141B5D-696A-4914-8CF6-2D586165E52D}.Release|Any CPU.ActiveCfg = Release|Any CPU
		{96141B5D-696A-4914-8CF6-2D586165E52D}.Release|Any CPU.Build.0 = Release|Any CPU
	EndGlobalSection
	GlobalSection(SolutionProperties) = preSolution
		HideSolutionNode = FALSE
	EndGlobalSection
	GlobalSection(ExtensibilityGlobals) = postSolution
		SolutionGuid = {B82DCD95-A05A-4758-8BA6-387A009EC5EA}
	EndGlobalSection
EndGlobal
